
Microsoft Visual Studio Solution File, Format Version 12.00
# Visual Studio Version 17
VisualStudioVersion = 17.9.34728.123
MinimumVisualStudioVersion = 10.0.40219.1
Project("{FAE04EC0-301F-11D3-BF4B-00C04F79EFBC}") = "WebService", "WebService\WebService.csproj", "{885E7B0B-CC48-4E74-BE73-31B66ED2EEDC}"
EndProject
Global
	GlobalSection(SolutionConfigurationPlatforms) = preSolution
		Debug|Any CPU = Debug|Any CPU
		Release|Any CPU = Release|Any CPU
	EndGlobalSection
	GlobalSection(ProjectConfigurationPlatforms) = postSolution
		{885E7B0B-CC48-4E74-BE73-31B66ED2EEDC}.Debug|Any CPU.ActiveCfg = Debug|Any CPU
		{885E7B0B-CC48-4E74-BE73-31B66ED2EEDC}.Debug|Any CPU.Build.0 = Debug|Any CPU
		{885E7B0B-CC48-4E74-BE73-31B66ED2EEDC}.Release|Any CPU.ActiveCfg = Release|Any CPU
		{885E7B0B-CC48-4E74-BE73-31B66ED2EEDC}.Release|Any CPU.Build.0 = Release|Any CPU
	EndGlobalSection
	GlobalSection(SolutionProperties) = preSolution
		HideSolutionNode = FALSE
	EndGlobalSection
	GlobalSection(ExtensibilityGlobals) = postSolution
		SolutionGuid = {E59D9979-7E39-4928-9AF0-574A7DA45DCC}
	EndGlobalSection
EndGlobal
